# This file is automatically @generated by Poetry 2.3.2 and should not be changed by hand.

[[package]]
name = "asgiref"
version = "3.11.1"
description = "ASGI specs, helper code, and adapters"
optional = false
python-versions = ">=3.9"
groups = ["main"]
files = [
    {file = "asgiref-3.11.1-py3-none-any.whl", hash = "sha256:e8667a091e69529631969fd45dc268fa79b99c92c5fcdda727757e52146ec133"},
    {file = "asgiref-3.11.1.tar.gz", hash = "sha256:5f184dc43b7e763efe848065441eac62229c9f7b0475f41f80e207a114eda4ce"},
]

[package.extras]
tests = ["mypy (>=1.14.0)", "pytest", "pytest-asyncio"]

[[package]]
name = "bcrypt"
version = "5.0.0"
description = "Modern password hashing for your software and your servers"
optional = false
python-versions = ">=3.8"
groups = ["main"]
files = [
    {file = "bcrypt-5.0.0-cp313-cp313t-macosx_10_12_universal2.whl", hash = "sha256:f3c08197f3039bec79cee59a606d62b96b16669cff3949f21e74796b6e3cd2be"},
    {file = "bcrypt-5.0.0-cp313-cp313t-manylinux2014_aarch64.manylinux_2_17_aarch64.whl", hash = "sha256:200af71bc25f22006f4069060c88ed36f8aa4ff7f53e67ff04d2ab3f1e79a5b2"},
    {file = "bcrypt-5.0.0-cp313-cp313t-manylinux2014_x86_64.manylinux_2_17_x86_64.whl", hash = "sha256:baade0a5657654c2984468efb7d6c110db87ea63ef5a4b54732e7e337253e44f"},
    {file = "bcrypt-5.0.0-cp313-cp313t-manylinux_2_28_aarch64.whl", hash = "sha256:c58b56cdfb03202b3bcc9fd8daee8e8e9b6d7e3163aa97c631dfcfcc24d36c86"},
    {file = "bcrypt-5.0.0-cp313-cp313t-manylinux_2_28_armv7l.manylinux_2_31_armv7l.whl", hash = "sha256:4bfd2a34de661f34d0bda43c3e4e79df586e4716ef401fe31ea39d69d581ef23"},
    {file = "bcrypt-5.0.0-cp313-cp313t-manylinux_2_28_x86_64.whl", hash = "sha256:ed2e1365e31fc73f1825fa830f1c8f8917ca1b3ca6185773b349c20fd606cec2"},
    {file = "bcrypt-5.0.0-cp313-cp313t-manylinux_2_34_aarch64.whl", hash = "sha256:83e787d7a84dbbfba6f250dd7a5efd689e935f03dd83b0f919d39349e1f23f83"},
    {file = "bcrypt-5.0.0-cp313-cp313t-manylinux_2_34_x86_64.whl", hash = "sha256:137c5156524328a24b9fac1cb5db0ba618bc97d11970b39184c1d87dc4bf1746"},
    {file = "bcrypt-5.0.0-cp313-cp313t-musllinux_1_1_aarch64.whl", hash = "sha256:38cac74101777a6a7d3b3e3cfefa57089b5ada650dce2baf0cbdd9d65db22a9e"},
    {file = "bcrypt-5.0.0-cp313-cp313t-musllinux_1_1_x86_64.whl", hash = "sha256:d8d65b564ec849643d9f7ea05c6d9f0cd7ca23bdd4ac0c2dbef1104ab504543d"},
    {file = "bcrypt-5.0.0-cp313-cp313t-musllinux_1_2_aarch64.whl", hash = "sha256:741449132f64b3524e95cd30e5cd3343006ce146088f074f31ab26b94e6c75ba"},
    {file = "bcrypt-5.0.0-cp313-cp313t-musllinux_1_2_x86_64.whl", hash = "sha256:212139484ab3207b1f0c00633d3be92fef3c5f0af17cad155679d03ff2ee1e41"},
    {file = "bcrypt-5.0.0-cp313-cp313t-win32.whl", hash = "sha256:9d52ed507c2488eddd6a95bccee4e808d3234fa78dd370e24bac65a21212b861"},
    {file = "bcrypt-5.0.0-cp313-cp313t-win_amd64.whl", hash = "sha256:f6984a24db30548fd39a44360532898c33528b74aedf81c26cf29c51ee47057e"},
    {file = "bcrypt-5.0.0-cp313-cp313t-win_arm64.whl", hash = "sha256:9fffdb387abe6aa775af36ef16f55e318dcda4194ddbf82007a6f21da29de8f5"},
    {file = "bcrypt-5.0.0-cp314-cp314t-macosx_10_12_universal2.whl", hash = "sha256:4870a52610537037adb382444fefd3706d96d663ac44cbb2f37e3919dca3d7ef"},
    {file = "bcrypt-5.0.0-cp314-cp314t-manylinux2014_aarch64.manylinux_2_17_aarch64.whl", hash = "sha256:48f753100931605686f74e27a7b49238122aa761a9aefe9373265b8b7aa43ea4"},
    {file = "bcrypt-5.0.0-cp314-cp314t-manylinux2014_x86_64.manylinux_2_17_x86_64.whl", hash = "sha256:f70aadb7a809305226daedf75d90379c397b094755a710d7014b8b117df1ebbf"},
    {file = "bcrypt-5.0.0-cp314-cp314t-manylinux_2_28_aarch64.whl", hash = "sha256:744d3c6b164caa658adcb72cb8cc9ad9b4b75c7db507ab4bc2480474a51989da"},
    {file = "bcrypt-5.0.0-cp314-cp314t-manylinux_2_28_armv7l.manylinux_2_31_armv7l.whl", hash = "sha256:a28bc05039bdf3289d757f49d616ab3efe8cf40d8e8001ccdd621cd4f98f4fc9"},
    {file = "bcrypt-5.0.0-cp314-cp314t-manylinux_2_28_x86_64.whl", hash = "sha256:7f277a4b3390ab4bebe597800a90da0edae882c6196d3038a73adf446c4f969f"},
    {file = "bcrypt-5.0.0-cp314-cp314t-manylinux_2_34_aarch64.whl", hash = "sha256:79cfa161eda8d2ddf29acad370356b47f02387153b11d46042e93a0a95127493"},
    {file = "bcrypt-5.0.0-cp314-cp314t-manylinux_2_34_x86_64.whl", hash = "sha256:a5393eae5722bcef046a990b84dff02b954904c36a194f6cfc817d7dca6c6f0b"},
    {file = "bcrypt-5.0.0-cp314-cp314t-musllinux_1_2_aarch64.whl", hash = "sha256:7f4c94dec1b5ab5d522750cb059bb9409ea8872d4494fd152b53cca99f1ddd8c"},
    {file = "bcrypt-5.0.0-cp314-cp314t-musllinux_1_2_x86_64.whl", hash = "sha256:0cae4cb350934dfd74c020525eeae0a5f79257e8a201c0c176f4b84fdbf2a4b4"},
    {file = "bcrypt-5.0.0-cp314-cp314t-win32.whl", hash = "sha256:b17366316c654e1ad0306a6858e189fc835eca39f7eb2cafd6aaca8ce0c40a2e"},
    {file = "bcrypt-5.0.0-cp314-cp314t-win_amd64.whl", hash = "sha256:92864f54fb48b4c718fc92a32825d0e42265a627f956bc0361fe869f1adc3e7d"},
    {file = "bcrypt-5.0.0-cp314-cp314t-win_arm64.whl", hash = "sha256:dd19cf5184a90c873009244586396a6a884d591a5323f0e8a5922560718d4993"},
    {file = "bcrypt-5.0.0-cp38-abi3-macosx_10_12_universal2.whl", hash = "sha256:fc746432b951e92b58317af8e0ca746efe93e66555f1b40888865ef5bf56446b"},
    {file = "bcrypt-5.0.0-cp38-abi3-manylinux2014_aarch64.manylinux_2_17_aarch64.whl", hash = "sha256:c2388ca94ffee269b6038d48747f4ce8df0ffbea43f31abfa18ac72f0218effb"},
    {file = "bcrypt-5.0.0-cp38-abi3-manylinux2014_x86_64.manylinux_2_17_x86_64.whl", hash = "sha256:560ddb6ec730386e7b3b26b8b4c88197aaed924430e7b74666a586ac997249ef"},
    {file = "bcrypt-5.0.0-cp38-abi3-manylinux_2_28_aarch64.whl", hash = "sha256:d79e5c65dcc9af213594d6f7f1fa2c98ad3fc10431e7aa53c176b441943efbdd"},
    {file = "bcrypt-5.0.0-cp38-abi3-manylinux_2_28_armv7l.manylinux_2_31_armv7l.whl", hash = "sha256:2b732e7d388fa22d48920baa267ba5d97cca38070b69c0e2d37087b381c681fd"},
    {file = "bcrypt-5.0.0-cp38-abi3-manylinux_2_28_x86_64.whl", hash = "sha256:0c8e093ea2532601a6f686edbc2c6b2ec24131ff5c52f7610dd64fa4553b5464"},
    {file = "bcrypt-5.0.0-cp38-abi3-manylinux_2_34_aarch64.whl", hash = "sha256:5b1589f4839a0899c146e8892efe320c0fa096568abd9b95593efac50a87cb75"},
    {file = "bcrypt-5.0.0-cp38-abi3-manylinux_2_34_x86_64.whl", hash = "sha256:89042e61b5e808b67daf24a434d89bab164d4de1746b37a8d173b6b14f3db9ff"},
    {file = "bcrypt-5.0.0-cp38-abi3-musllinux_1_1_aarch64.whl", hash = "sha256:e3cf5b2560c7b5a142286f69bde914494b6d8f901aaa71e453078388a50881c4"},
    {file = "bcrypt-5.0.0-cp38-abi3-musllinux_1_1_x86_64.whl", hash = "sha256:f632fd56fc4e61564f78b46a2269153122db34988e78b6be8b32d28507b7eaeb"},
    {file = "bcrypt-5.0.0-cp38-abi3-musllinux_1_2_aarch64.whl", hash = "sha256:801cad5ccb6b87d1b430f183269b94c24f248dddbbc5c1f78b6ed231743e001c"},
    {file = "bcrypt-5.0.0-cp38-abi3-musllinux_1_2_x86_64.whl", hash = "sha256:3cf67a804fc66fc217e6914a5635000259fbbbb12e78a99488e4d5ba445a71eb"},
    {file = "bcrypt-5.0.0-cp38-abi3-win32.whl", hash = "sha256:3abeb543874b2c0524ff40c57a4e14e5d3a66ff33fb423529c88f180fd756538"},
    {file = "bcrypt-5.0.0-cp38-abi3-win_amd64.whl", hash = "sha256:35a77ec55b541e5e583eb3436ffbbf53b0ffa1fa16ca6782279daf95d146dcd9"},
    {file = "bcrypt-5.0.0-cp38-abi3-win_arm64.whl", hash = "sha256:cde08734f12c6a4e28dc6755cd11d3bdfea608d93d958fffbe95a7026ebe4980"},
    {file = "bcrypt-5.0.0-cp39-abi3-macosx_10_12_universal2.whl", hash = "sha256:0c418ca99fd47e9c59a301744d63328f17798b5947b0f791e9af3c1c499c2d0a"},
    {file = "bcrypt-5.0.0-cp39-abi3-manylinux2014_aarch64.manylinux_2_17_aarch64.whl", hash = "sha256:ddb4e1500f6efdd402218ffe34d040a1196c072e07929b9820f363a1fd1f4191"},
    {file = "bcrypt-5.0.0-cp39-abi3-manylinux2014_x86_64.manylinux_2_17_x86_64.whl", hash = "sha256:7aeef54b60ceddb6f30ee3db090351ecf0d40ec6e2abf41430997407a46d2254"},
    {file = "bcrypt-5.0.0-cp39-abi3-manylinux_2_28_aarch64.whl", hash = "sha256:f0ce778135f60799d89c9693b9b398819d15f1921ba15fe719acb3178215a7db"},
    {file = "bcrypt-5.0.0-cp39-abi3-manylinux_2_28_armv7l.manylinux_2_31_armv7l.whl", hash = "sha256:a71f70ee269671460b37a449f5ff26982a6f2ba493b3eabdd687b4bf35f875ac"},
    {file = "bcrypt-5.0.0-cp39-abi3-manylinux_2_28_x86_64.whl", hash = "sha256:f8429e1c410b4073944f03bd778a9e066e7fad723564a52ff91841d278dfc822"},
    {file = "bcrypt-5.0.0-cp39-abi3-manylinux_2_34_aarch64.whl", hash = "sha256:edfcdcedd0d0f05850c52ba3127b1fce70b9f89e0fe5ff16517df7e81fa3cbb8"},
    {file = "bcrypt-5.0.0-cp39-abi3-manylinux_2_34_x86_64.whl", hash = "sha256:611f0a17aa4a25a69362dcc299fda5c8a3d4f160e2abb3831041feb77393a14a"},
    {file = "bcrypt-5.0.0-cp39-abi3-musllinux_1_1_aarch64.whl", hash = "sha256:db99dca3b1fdc3db87d7c57eac0c82281242d1eabf19dcb8a6b10eb29a2e72d1"},
    {file = "bcrypt-5.0.0-cp39-abi3-musllinux_1_1_x86_64.whl", hash = "sha256:5feebf85a9cefda32966d8171f5db7e3ba964b77fdfe31919622256f80f9cf42"},
    {file = "bcrypt-5.0.0-cp39-abi3-musllinux_1_2_aarch64.whl", hash = "sha256:3ca8a166b1140436e058298a34d88032ab62f15aae1c598580333dc21d27ef10"},
    {file = "bcrypt-5.0.0-cp39-abi3-musllinux_1_2_x86_64.whl", hash = "sha256:61afc381250c3182d9078551e3ac3a41da14154fbff647ddf52a769f588c4172"},
    {file = "bcrypt-5.0.0-cp39-abi3-win32.whl", hash = "sha256:64d7ce196203e468c457c37ec22390f1a61c85c6f0b8160fd752940ccfb3a683"},
    {file = "bcrypt-5.0.0-cp39-abi3-win_amd64.whl", hash = "sha256:64ee8434b0da054d830fa8e89e1c8bf30061d539044a39524ff7dec90481e5c2"},
    {file = "bcrypt-5.0.0-cp39-abi3-win_arm64.whl", hash = "sha256:f2347d3534e76bf50bca5500989d6c1d05ed64b440408057a37673282c654927"},
    {file = "bcrypt-5.0.0-pp311-pypy311_pp73-manylinux_2_28_aarch64.whl", hash = "sha256:7edda91d5ab52b15636d9c30da87d2cc84f426c72b9dba7a9b4fe142ba11f534"},
    {file = "bcrypt-5.0.0-pp311-pypy311_pp73-manylinux_2_28_x86_64.whl", hash = "sha256:046ad6db88edb3c5ece4369af997938fb1c19d6a699b9c1b27b0db432faae4c4"},
    {file = "bcrypt-5.0.0-pp311-pypy311_pp73-manylinux_2_34_aarch64.whl", hash = "sha256:dcd58e2b3a908b5ecc9b9df2f0085592506ac2d5110786018ee5e160f28e0911"},
    {file = "bcrypt-5.0.0-pp311-pypy311_pp73-manylinux_2_34_x86_64.whl", hash = "sha256:6b8f520b61e8781efee73cba14e3e8c9556ccfb375623f4f97429544734545b4"},
    {file = "bcrypt-5.0.0.tar.gz", hash = "sha256:f748f7c2d6fd375cc93d3fba7ef4a9e3a092421b8dbf34d8d4dc06be9492dfdd"},
]

[package.extras]
tests = ["pytest (>=3.2.1,!=3.3.0)"]
typecheck = ["mypy"]

[[package]]
name = "django"
version = "6.0.3"
description = "A high-level Python web framework that encourages rapid development and clean, pragmatic design."
optional = false
python-versions = ">=3.12"
groups = ["main"]
files = [
    {file = "django-6.0.3-py3-none-any.whl", hash = "sha256:2e5974441491ddb34c3f13d5e7a9f97b07ba03bf70234c0a9c68b79bbb235bc3"},
    {file = "django-6.0.3.tar.gz", hash = "sha256:90be765ee756af8a6cbd6693e56452404b5ad15294f4d5e40c0a55a0f4870fe1"},
]

[package.dependencies]
asgiref = ">=3.9.1"
sqlparse = ">=0.5.0"
tzdata = {version = "*", markers = "sys_platform == \"win32\""}

[package.extras]
argon2 = ["argon2-cffi (>=23.1.0)"]
bcrypt = ["bcrypt (>=4.1.1)"]

[[package]]
name = "djangorestframework"
version = "3.16.1"
description = "Web APIs for Django, made easy."
optional = false
python-versions = ">=3.9"
groups = ["main"]
files = [
    {file = "djangorestframework-3.16.1-py3-none-any.whl", hash = "sha256:33a59f47fb9c85ede792cbf88bde71893bcda0667bc573f784649521f1102cec"},
    {file = "djangorestframework-3.16.1.tar.gz", hash = "sha256:166809528b1aced0a17dc66c24492af18049f2c9420dbd0be29422029cfc3ff7"},
]

[package.dependencies]
django = ">=4.2"

[[package]]
name = "djangorestframework-simplejwt"
version = "5.5.1"
description = "A minimal JSON Web Token authentication plugin for Django REST Framework"
optional = false
python-versions = ">=3.9"
groups = ["main"]
files = [
    {file = "djangorestframework_simplejwt-5.5.1-py3-none-any.whl", hash = "sha256:2c30f3707053d384e9f315d11c2daccfcb548d4faa453111ca19a542b732e469"},
    {file = "djangorestframework_simplejwt-5.5.1.tar.gz", hash = "sha256:e72c5572f51d7803021288e2057afcbd03f17fe11d484096f40a460abc76e87f"},
]

[package.dependencies]
django = ">=4.2"
djangorestframework = ">=3.14"
pyjwt = ">=1.7.1"

[package.extras]
crypto = ["cryptography (>=3.3.1)"]
dev = ["Sphinx", "cryptography", "freezegun", "ipython", "pre-commit", "pytest", "pytest-cov", "pytest-django", "pytest-watch", "pytest-xdist", "python-jose (==3.3.0)", "pyupgrade", "ruff", "sphinx_rtd_theme (>=0.1.9)", "tox", "twine", "wheel", "yesqa"]
doc = ["Sphinx", "sphinx_rtd_theme (>=0.1.9)"]
lint = ["pre-commit", "pyupgrade", "ruff", "yesqa"]
python-jose = ["python-jose (==3.3.0)"]
test = ["cryptography", "freezegun", "pytest", "pytest-cov", "pytest-django", "pytest-xdist", "tox"]

[[package]]
name = "psycopg2-binary"
version = "2.9.11"
description = "psycopg2 - Python-PostgreSQL Database Adapter"
optional = false
python-versions = ">=3.9"
groups = ["main"]
files = [
    {file = "psycopg2-binary-2.9.11.tar.gz", hash = "sha256:b6aed9e096bf63f9e75edf2581aa9a7e7186d97ab5c177aa6c87797cd591236c"},
    {file = "psycopg2_binary-2.9.11-cp310-cp310-macosx_10_9_x86_64.whl", hash = "sha256:d6fe6b47d0b42ce1c9f1fa3e35bb365011ca22e39db37074458f27921dca40f2"},
    {file = "psycopg2_binary-2.9.11-cp310-cp310-macosx_11_0_arm64.whl", hash = "sha256:a6c0e4262e089516603a09474ee13eabf09cb65c332277e39af68f6233911087"},
    {file = "psycopg2_binary-2.9.11-cp310-cp310-manylinux2014_aarch64.manylinux_2_17_aarch64.whl", hash = "sha256:c47676e5b485393f069b4d7a811267d3168ce46f988fa602658b8bb901e9e64d"},
    {file = "psycopg2_binary-2.9.11-cp310-cp310-manylinux2014_ppc64le.manylinux_2_17_ppc64le.whl", hash = "sha256:a28d8c01a7b27a1e3265b11250ba7557e5f72b5ee9e5f3a2fa8d2949c29bf5d2"},
    {file = "psycopg2_binary-2.9.11-cp310-cp310-manylinux2014_x86_64.manylinux_2_17_x86_64.whl", hash = "sha256:5f3f2732cf504a1aa9e9609d02f79bea1067d99edf844ab92c247bbca143303b"},
    {file = "psycopg2_binary-2.9.11-cp310-cp310-manylinux_2_38_riscv64.manylinux_2_39_riscv64.whl", hash = "sha256:865f9945ed1b3950d968ec4690ce68c55019d79e4497366d36e090327ce7db14"},
    {file = "psycopg2_binary-2.9.11-cp310-cp310-musllinux_1_2_aarch64.whl", hash = "sha256:91537a8df2bde69b1c1db01d6d944c831ca793952e4f57892600e96cee95f2cd"},
    {file = "psycopg2_binary-2.9.11-cp310-cp310-musllinux_1_2_ppc64le.whl", hash = "sha256:4dca1f356a67ecb68c81a7bc7809f1569ad9e152ce7fd02c2f2036862ca9f66b"},
    {file = "psycopg2_binary-2.9.11-cp310-cp310-musllinux_1_2_riscv64.whl", hash = "sha256:0da4de5c1ac69d94ed4364b6cbe7190c1a70d325f112ba783d83f8440285f152"},
    {file = "psycopg2_binary-2.9.11-cp310-cp310-musllinux_1_2_x86_64.whl", hash = "sha256:37d8412565a7267f7d79e29ab66876e55cb5e8e7b3bbf94f8206f6795f8f7e7e"},
    {file = "psycopg2_binary-2.9.11-cp310-cp310-win_amd64.whl", hash = "sha256:c665f01ec8ab273a61c62beeb8cce3014c214429ced8a308ca1fc410ecac3a39"},
    {file = "psycopg2_binary-2.9.11-cp311-cp311-macosx_10_9_x86_64.whl", hash = "sha256:0e8480afd62362d0a6a27dd09e4ca2def6fa50ed3a4e7c09165266106b2ffa10"},
    {file = "psycopg2_binary-2.9.11-cp311-cp311-macosx_11_0_arm64.whl", hash = "sha256:763c93ef1df3da6d1a90f86ea7f3f806dc06b21c198fa87c3c25504abec9404a"},
    {file = "psycopg2_binary-2.9.11-cp311-cp311-manylinux2014_aarch64.manylinux_2_17_aarch64.whl", hash = "sha256:2e164359396576a3cc701ba8af4751ae68a07235d7a380c631184a611220d9a4"},
    {file = "psycopg2_binary-2.9.11-cp311-cp311-manylinux2014_ppc64le.manylinux_2_17_ppc64le.whl", hash = "sha256:d57c9c387660b8893093459738b6abddbb30a7eab058b77b0d0d1c7d521ddfd7"},
    {file = "psycopg2_binary-2.9.11-cp311-cp311-manylinux2014_x86_64.manylinux_2_17_x86_64.whl", hash = "sha256:2c226ef95eb2250974bf6fa7a842082b31f68385c4f3268370e3f3870e7859ee"},
    {file = "psycopg2_binary-2.9.11-cp311-cp311-manylinux_2_38_riscv64.manylinux_2_39_riscv64.whl", hash = "sha256:a311f1edc9967723d3511ea7d2708e2c3592e3405677bf53d5c7246753591fbb"},
    {file = "psycopg2_binary-2.9.11-cp311-cp311-musllinux_1_2_aarch64.whl", hash = "sha256:ebb415404821b6d1c47353ebe9c8645967a5235e6d88f914147e7fd411419e6f"},
    {file = "psycopg2_binary-2.9.11-cp311-cp311-musllinux_1_2_ppc64le.whl", hash = "sha256:f07c9c4a5093258a03b28fab9b4f151aa376989e7f35f855088234e656ee6a94"},
    {file = "psycopg2_binary-2.9.11-cp311-cp311-musllinux_1_2_riscv64.whl", hash = "sha256:00ce1830d971f43b667abe4a56e42c1e2d594b32da4802e44a73bacacb25535f"},
    {file = "psycopg2_binary-2.9.11-cp311-cp311-musllinux_1_2_x86_64.whl", hash = "sha256:cffe9d7697ae7456649617e8bb8d7a45afb71cd13f7ab22af3e5c61f04840908"},
    {file = "psycopg2_binary-2.9.11-cp311-cp311-win_amd64.whl", hash = "sha256:304fd7b7f97eef30e91b8f7e720b3db75fee010b520e434ea35ed1ff22501d03"},
    {file = "psycopg2_binary-2.9.11-cp312-cp312-macosx_10_13_x86_64.whl", hash = "sha256:be9b840ac0525a283a96b556616f5b4820e0526addb8dcf6525a0fa162730be4"},
    {file = "psycopg2_binary-2.9.11-cp312-cp312-macosx_11_0_arm64.whl", hash = "sha256:f090b7ddd13ca842ebfe301cd587a76a4cf0913b1e429eb92c1be5dbeb1a19bc"},
    {file = "psycopg2_binary-2.9.11-cp312-cp312-manylinux2014_aarch64.manylinux_2_17_aarch64.whl", hash = "sha256:ab8905b5dcb05bf3fb22e0cf90e10f469563486ffb6a96569e51f897c750a76a"},
    {file = "psycopg2_binary-2.9.11-cp312-cp312-manylinux2014_ppc64le.manylinux_2_17_ppc64le.whl", hash = "sha256:bf940cd7e7fec19181fdbc29d76911741153d51cab52e5c21165f3262125685e"},
    {file = "psycopg2_binary-2.9.11-cp312-cp312-manylinux2014_x86_64.manylinux_2_17_x86_64.whl", hash = "sha256:fa0f693d3c68ae925966f0b14b8edda71696608039f4ed61b1fe9ffa468d16db"},
    {file = "psycopg2_binary-2.9.11-cp312-cp312-manylinux_2_38_riscv64.manylinux_2_39_riscv64.whl", hash = "sha256:a1cf393f1cdaf6a9b57c0a719a1068ba1069f022a59b8b1fe44b006745b59757"},
    {file = "psycopg2_binary-2.9.11-cp312-cp312-musllinux_1_2_aarch64.whl", hash = "sha256:ef7a6beb4beaa62f88592ccc65df20328029d721db309cb3250b0aae0fa146c3"},
    {file = "psycopg2_binary-2.9.11-cp312-cp312-musllinux_1_2_ppc64le.whl", hash = "sha256:31b32c457a6025e74d233957cc9736742ac5a6cb196c6b68499f6bb51390bd6a"},
    {file = "psycopg2_binary-2.9.11-cp312-cp312-musllinux_1_2_riscv64.whl", hash = "sha256:edcb3aeb11cb4bf13a2af3c53a15b3d612edeb6409047ea0b5d6a21a9d744b34"},
    {file = "psycopg2_binary-2.9.11-cp312-cp312-musllinux_1_2_x86_64.whl", hash = "sha256:62b6d93d7c0b61a1dd6197d208ab613eb7dcfdcca0a49c42ceb082257991de9d"},
    {file = "psycopg2_binary-2.9.11-cp312-cp312-win_amd64.whl", hash = "sha256:b33fabeb1fde21180479b2d4667e994de7bbf0eec22832ba5d9b5e4cf65b6c6d"},
    {file = "psycopg2_binary-2.9.11-cp313-cp313-macosx_10_13_x86_64.whl", hash = "sha256:b8fb3db325435d34235b044b199e56cdf9ff41223a4b9752e8576465170bb38c"},
    {file = "psycopg2_binary-2.9.11-cp313-cp313-macosx_11_0_arm64.whl", hash = "sha256:366df99e710a2acd90efed3764bb1e28df6c675d33a7fb40df9b7281694432ee"},
    {file = "psycopg2_binary-2.9.11-cp313-cp313-manylinux2014_aarch64.manylinux_2_17_aarch64.whl", hash = "sha256:8c55b385daa2f92cb64b12ec4536c66954ac53654c7f15a203578da4e78105c0"},
    {file = "psycopg2_binary-2.9.11-cp313-cp313-manylinux2014_ppc64le.manylinux_2_17_ppc64le.whl", hash = "sha256:c0377174bf1dd416993d16edc15357f6eb17ac998244cca19bc67cdc0e2e5766"},
    {file = "psycopg2_binary-2.9.11-cp313-cp313-manylinux2014_x86_64.manylinux_2_17_x86_64.whl", hash = "sha256:5c6ff3335ce08c75afaed19e08699e8aacf95d4a260b495a4a8545244fe2ceb3"},
    {file = "psycopg2_binary-2.9.11-cp313-cp313-manylinux_2_38_riscv64.manylinux_2_39_riscv64.whl", hash = "sha256:84011ba3109e06ac412f95399b704d3d6950e386b7994475b231cf61eec2fc1f"},
    {file = "psycopg2_binary-2.9.11-cp313-cp313-musllinux_1_2_aarch64.whl", hash = "sha256:ba34475ceb08cccbdd98f6b46916917ae6eeb92b5ae111df10b544c3a4621dc4"},
    {file = "psycopg2_binary-2.9.11-cp313-cp313-musllinux_1_2_ppc64le.whl", hash = "sha256:b31e90fdd0f968c2de3b26ab014314fe814225b6c324f770952f7d38abf17e3c"},
    {file = "psycopg2_binary-2.9.11-cp313-cp313-musllinux_1_2_riscv64.whl", hash = "sha256:d526864e0f67f74937a8fce859bd56c979f5e2ec57ca7c627f5f1071ef7fee60"},
    {file = "psycopg2_binary-2.9.11-cp313-cp313-musllinux_1_2_x86_64.whl", hash = "sha256:04195548662fa544626c8ea0f06561eb6203f1984ba5b4562764fbeb4c3d14b1"},
    {file = "psycopg2_binary-2.9.11-cp313-cp313-win_amd64.whl", hash = "sha256:efff12b432179443f54e230fdf60de1f6cc726b6c832db8701227d089310e8aa"},
    {file = "psycopg2_binary-2.9.11-cp314-cp314-macosx_10_13_x86_64.whl", hash = "sha256:92e3b669236327083a2e33ccfa0d320dd01b9803b3e14dd986a4fc54aa00f4e1"},
    {file = "psycopg2_binary-2.9.11-cp314-cp314-macosx_11_0_arm64.whl", hash = "sha256:e0deeb03da539fa3577fcb0b3f2554a97f7e5477c246098dbb18091a4a01c16f"},
    {file = "psycopg2_binary-2.9.11-cp314-cp314-manylinux2014_aarch64.manylinux_2_17_aarch64.whl", hash = "sha256:9b52a3f9bb540a3e4ec0f6ba6d31339727b2950c9772850d6545b7eae0b9d7c5"},
    {file = "psycopg2_binary-2.9.11-cp314-cp314-manylinux2014_ppc64le.manylinux_2_17_ppc64le.whl", hash = "sha256:db4fd476874ccfdbb630a54426964959e58da4c61c9feba73e6094d51303d7d8"},
    {file = "psycopg2_binary-2.9.11-cp314-cp314-manylinux2014_x86_64.manylinux_2_17_x86_64.whl", hash = "sha256:47f212c1d3be608a12937cc131bd85502954398aaa1320cb4c14421a0ffccf4c"},
    {file = "psycopg2_binary-2.9.11-cp314-cp314-manylinux_2_38_riscv64.manylinux_2_39_riscv64.whl", hash = "sha256:e35b7abae2b0adab776add56111df1735ccc71406e56203515e228a8dc07089f"},
    {file = "psycopg2_binary-2.9.11-cp314-cp314-musllinux_1_2_aarch64.whl", hash = "sha256:fcf21be3ce5f5659daefd2b3b3b6e4727b028221ddc94e6c1523425579664747"},
    {file = "psycopg2_binary-2.9.11-cp314-cp314-musllinux_1_2_ppc64le.whl", hash = "sha256:9bd81e64e8de111237737b29d68039b9c813bdf520156af36d26819c9a979e5f"},
    {file = "psycopg2_binary-2.9.11-cp314-cp314-musllinux_1_2_riscv64.whl", hash = "sha256:32770a4d666fbdafab017086655bcddab791d7cb260a16679cc5a7338b64343b"},
    {file = "psycopg2_binary-2.9.11-cp314-cp314-musllinux_1_2_x86_64.whl", hash = "sha256:c3cb3a676873d7506825221045bd70e0427c905b9c8ee8d6acd70cfcbd6e576d"},
    {file = "psycopg2_binary-2.9.11-cp314-cp314-win_amd64.whl", hash = "sha256:4012c9c954dfaccd28f94e84ab9f94e12df76b4afb22331b1f0d3154893a6316"},
    {file = "psycopg2_binary-2.9.11-cp39-cp39-macosx_10_9_x86_64.whl", hash = "sha256:20e7fb94e20b03dcc783f76c0865f9da39559dcc0c28dd1a3fce0d01902a6b9c"},
    {file = "psycopg2_binary-2.9.11-cp39-cp39-macosx_11_0_arm64.whl", hash = "sha256:4bdab48575b6f870f465b397c38f1b415520e9879fdf10a53ee4f49dcbdf8a21"},
    {file = "psycopg2_binary-2.9.11-cp39-cp39-manylinux2014_aarch64.manylinux_2_17_aarch64.whl", hash = "sha256:9d3a9edcfbe77a3ed4bc72836d466dfce4174beb79eda79ea155cc77237ed9e8"},
    {file = "psycopg2_binary-2.9.11-cp39-cp39-manylinux2014_ppc64le.manylinux_2_17_ppc64le.whl", hash = "sha256:44fc5c2b8fa871ce7f0023f619f1349a0aa03a0857f2c96fbc01c657dcbbdb49"},
    {file = "psycopg2_binary-2.9.11-cp39-cp39-manylinux2014_x86_64.manylinux_2_17_x86_64.whl", hash = "sha256:9c55460033867b4622cda1b6872edf445809535144152e5d14941ef591980edf"},
    {file = "psycopg2_binary-2.9.11-cp39-cp39-manylinux_2_38_riscv64.manylinux_2_39_riscv64.whl", hash = "sha256:2d11098a83cca92deaeaed3d58cfd150d49b3b06ee0d0852be466bf87596899e"},
    {file = "psycopg2_binary-2.9.11-cp39-cp39-musllinux_1_2_aarch64.whl", hash = "sha256:691c807d94aecfbc76a14e1408847d59ff5b5906a04a23e12a89007672b9e819"},
    {file = "psycopg2_binary-2.9.11-cp39-cp39-musllinux_1_2_ppc64le.whl", hash = "sha256:8b81627b691f29c4c30a8f322546ad039c40c328373b11dff7490a3e1b517855"},
    {file = "psycopg2_binary-2.9.11-cp39-cp39-musllinux_1_2_riscv64.whl", hash = "sha256:b637d6d941209e8d96a072d7977238eea128046effbf37d1d8b2c0764750017d"},
    {file = "psycopg2_binary-2.9.11-cp39-cp39-musllinux_1_2_x86_64.whl", hash = "sha256:41360b01c140c2a03d346cec3280cf8a71aa07d94f3b1509fa0161c366af66b4"},
    {file = "psycopg2_binary-2.9.11-cp39-cp39-win_amd64.whl", hash = "sha256:875039274f8a2361e5207857899706da840768e2a775bf8c65e82f60b197df02"},
]

[[package]]
name = "pyjwt"
version = "2.11.0"
description = "JSON Web Token implementation in Python"
optional = false
python-versions = ">=3.9"
groups = ["main"]
files = [
    {file = "pyjwt-2.11.0-py3-none-any.whl", hash = "sha256:94a6bde30eb5c8e04fee991062b534071fd1439ef58d2adc9ccb823e7bcd0469"},
    {file = "pyjwt-2.11.0.tar.gz", hash = "sha256:35f95c1f0fbe5d5ba6e43f00271c275f7a1a4db1dab27bf708073b75318ea623"},
]

[package.extras]
crypto = ["cryptography (>=3.4.0)"]
dev = ["coverage[toml] (==7.10.7)", "cryptography (>=3.4.0)", "pre-commit", "pytest (>=8.4.2,<9.0.0)", "sphinx", "sphinx-rtd-theme", "zope.interface"]
docs = ["sphinx", "sphinx-rtd-theme", "zope.interface"]
tests = ["coverage[toml] (==7.10.7)", "pytest (>=8.4.2,<9.0.0)"]

[[package]]
name = "python-dotenv"
version = "1.2.2"
description = "Read key-value pairs from a .env file and set them as environment variables"
optional = false
python-versions = ">=3.10"
groups = ["main"]
files = [
    {file = "python_dotenv-1.2.2-py3-none-any.whl", hash = "sha256:1d8214789a24de455a8b8bd8ae6fe3c6b69a5e3d64aa8a8e5d68e694bbcb285a"},
    {file = "python_dotenv-1.2.2.tar.gz", hash = "sha256:2c371a91fbd7ba082c2c1dc1f8bf89ca22564a087c2c287cd9b662adde799cf3"},
]

[package.extras]
cli = ["click (>=5.0)"]

[[package]]
name = "sqlparse"
version = "0.5.5"
description = "A non-validating SQL parser."
optional = false
python-versions = ">=3.8"
groups = ["main"]
files = [
    {file = "sqlparse-0.5.5-py3-none-any.whl", hash = "sha256:12a08b3bf3eec877c519589833aed092e2444e68240a3577e8e26148acc7b1ba"},
    {file = "sqlparse-0.5.5.tar.gz", hash = "sha256:e20d4a9b0b8585fdf63b10d30066c7c94c5d7a7ec47c889a2d83a3caa93ff28e"},
]

[package.extras]
dev = ["build"]
doc = ["sphinx"]

[[package]]
name = "tzdata"
version = "2025.3"
description = "Provider of IANA time zone data"
optional = false
python-versions = ">=2"
groups = ["main"]
markers = "sys_platform == \"win32\""
files = [
    {file = "tzdata-2025.3-py2.py3-none-any.whl", hash = "sha256:06a47e5700f3081aab02b2e513160914ff0694bce9947d6b76ebd6bf57cfc5d1"},
    {file = "tzdata-2025.3.tar.gz", hash = "sha256:de39c2ca5dc7b0344f2eba86f49d614019d29f060fc4ebc8a417896a620b56a7"},
]

[metadata]
lock-version = "2.1"
python-versions = ">=3.12"
content-hash = "1f281b6d74fb36c98b41689b9a8cfd5310047e80c6b71193b7ed85fc84dd127e"
